
Microsoft Visual Studio Solution File, Format Version 12.00
# Visual Studio 15
Project("{FAE04EC0-301F-11D3-BF4B-00C04F79EFBC}") = "UnityEngine.TestRunner", "UnityEngine.TestRunner.csproj", "{13DEA46F-92CC-6EF6-A384-295E13676860}"
EndProject
Project("{FAE04EC0-301F-11D3-BF4B-00C04F79EFBC}") = "UnityEngine.UI", "UnityEngine.UI.csproj", "{4C36A633-AC2D-D423-DC9D-F6FFF8B2785E}"
EndProject
Project("{FAE04EC0-301F-11D3-BF4B-00C04F79EFBC}") = "Unity.TextMeshPro", "Unity.TextMeshPro.csproj", "{7DA31F39-E96F-F0E4-3EB8-7C905D4671B0}"
EndProject
Project("{FAE04EC0-301F-11D3-BF4B-00C04F79EFBC}") = "Unity.Timeline", "Unity.Timeline.csproj", "{255D2032-3531-6F2E-F790-BDEC0FBC7FF7}"
EndProject
Project("{FAE04EC0-301F-11D3-BF4B-00C04F79EFBC}") = "Assembly-CSharp", "Assembly-CSharp.csproj", "{D282BB86-E64B-B64D-E978-3DB87713C626}"
EndProject
Project("{FAE04EC0-301F-11D3-BF4B-00C04F79EFBC}") = "Assembly-CSharp-firstpass", "Assembly-CSharp-firstpass.csproj", "{3B78E6C7-C648-33A1-E0FE-A98F94A4B6E9}"
EndProject
Project("{FAE04EC0-301F-11D3-BF4B-00C04F79EFBC}") = "UnityEditor.TestRunner", "UnityEditor.TestRunner.csproj", "{42FA9C9F-3679-BDE4-A9DB-7907CCE9662F}"
EndProject
Project("{FAE04EC0-301F-11D3-BF4B-00C04F79EFBC}") = "Unity.TextMeshPro.Editor", "Unity.TextMeshPro.Editor.csproj", "{7E7828DA-CBAF-7EBD-208A-CAECC98AE3CF}"
EndProject
Project("{FAE04EC0-301F-11D3-BF4B-00C04F79EFBC}") = "Unity.Timeline.Editor", "Unity.Timeline.Editor.csproj", "{D2F05EAF-BA5D-BE68-FA5E-E974BD1A33F1}"
EndProject
Project("{FAE04EC0-301F-11D3-BF4B-00C04F79EFBC}") = "Unity.2D.Sprite.Editor", "Unity.2D.Sprite.Editor.csproj", "{D10CCAF2-0E62-7003-CFBD-6CE7CE23B7E8}"
EndProject
Project("{FAE04EC0-301F-11D3-BF4B-00C04F79EFBC}") = "UnityEditor.UI", "UnityEditor.UI.csproj", "{6095271E-7FB8-62FF-034F-5DC608BBE7B4}"
EndProject
Project("{FAE04EC0-301F-11D3-BF4B-00C04F79EFBC}") = "Unity.Rider.Editor", "Unity.Rider.Editor.csproj", "{E080F98C-A2A2-04A7-3FC4-1621E61F810C}"
EndProject
Project("{FAE04EC0-301F-11D3-BF4B-00C04F79EFBC}") = "Unity.VisualStudio.Editor", "Unity.VisualStudio.Editor.csproj", "{1D9A05F3-49AE-10EE-B92B-A5DD699E78DC}"
EndProject
Project("{FAE04EC0-301F-11D3-BF4B-00C04F79EFBC}") = "Unity.CollabProxy.Editor", "Unity.CollabProxy.Editor.csproj", "{9921A6EB-D9FB-A90C-59CD-A186DCC99FD3}"
EndProject
Project("{FAE04EC0-301F-11D3-BF4B-00C04F79EFBC}") = "Unity.VSCode.Editor", "Unity.VSCode.Editor.csproj", "{98AB2875-668D-1833-8E8B-0FC9428F537B}"
EndProject
Project("{FAE04EC0-301F-11D3-BF4B-00C04F79EFBC}") = "UnityEngine.TestRunner", "UnityEngine.TestRunner.Player.csproj", "{1D14CDA5-F211-F07D-234A-E718DFB679D7}"
EndProject
Project("{FAE04EC0-301F-11D3-BF4B-00C04F79EFBC}") = "UnityEngine.UI", "UnityEngine.UI.Player.csproj", "{53E1271D-ACCC-660E-A21C-1FC5BE420657}"
EndProject
Project("{FAE04EC0-301F-11D3-BF4B-00C04F79EFBC}") = "Unity.TextMeshPro", "Unity.TextMeshPro.Player.csproj", "{AD50D3F9-BB46-3373-E24C-E37879ED0641}"
EndProject
Project("{FAE04EC0-301F-11D3-BF4B-00C04F79EFBC}") = "Unity.Timeline", "Unity.Timeline.Player.csproj", "{8957FD18-521F-87BF-7A47-60D82F525816}"
EndProject
Project("{FAE04EC0-301F-11D3-BF4B-00C04F79EFBC}") = "Assembly-CSharp", "Assembly-CSharp.Player.csproj", "{AA2B6106-68D8-EAD2-52B6-937AA9E7A926}"
EndProject
Project("{FAE04EC0-301F-11D3-BF4B-00C04F79EFBC}") = "Assembly-CSharp-firstpass", "Assembly-CSharp-firstpass.Player.csproj", "{0D4A1799-6F85-6B1B-AD90-7B3069583850}"
EndProject
Global
	GlobalSection(SolutionConfigurationPlatforms) = preSolution
		Debug|Any CPU = Debug|Any CPU
		Release|Any CPU = Release|Any CPU
	EndGlobalSection
	GlobalSection(ProjectConfigurationPlatforms) = postSolution
		{13DEA46F-92CC-6EF6-A384-295E13676860}.Debug|Any CPU.ActiveCfg = Debug|Any CPU
		{13DEA46F-92CC-6EF6-A384-295E13676860}.Debug|Any CPU.Build.0 = Debug|Any CPU
		{13DEA46F-92CC-6EF6-A384-295E13676860}.Release|Any CPU.ActiveCfg = Release|Any CPU
		{13DEA46F-92CC-6EF6-A384-295E13676860}.Release|Any CPU.Build.0 = Release|Any CPU
		{4C36A633-AC2D-D423-DC9D-F6FFF8B2785E}.Debug|Any CPU.ActiveCfg = Debug|Any CPU
		{4C36A633-AC2D-D423-DC9D-F6FFF8B2785E}.Debug|Any CPU.Build.0 = Debug|Any CPU
		{4C36A633-AC2D-D423-DC9D-F6FFF8B2785E}.Release|Any CPU.ActiveCfg = Release|Any CPU
		{4C36A633-AC2D-D423-DC9D-F6FFF8B2785E}.Release|Any CPU.Build.0 = Release|Any CPU
		{7DA31F39-E96F-F0E4-3EB8-7C905D4671B0}.Debug|Any CPU.ActiveCfg = Debug|Any CPU
		{7DA31F39-E96F-F0E4-3EB8-7C905D4671B0}.Debug|Any CPU.Build.0 = Debug|Any CPU
		{7DA31F39-E96F-F0E4-3EB8-7C905D4671B0}.Release|Any CPU.ActiveCfg = Release|Any CPU
		{7DA31F39-E96F-F0E4-3EB8-7C905D4671B0}.Release|Any CPU.Build.0 = Release|Any CPU
		{255D2032-3531-6F2E-F790-BDEC0FBC7FF7}.Debug|Any CPU.ActiveCfg = Debug|Any CPU
		{255D2032-3531-6F2E-F790-BDEC0FBC7FF7}.Debug|Any CPU.Build.0 = Debug|Any CPU
		{255D2032-3531-6F2E-F790-BDEC0FBC7FF7}.Release|Any CPU.ActiveCfg = Release|Any CPU
		{255D2032-3531-6F2E-F790-BDEC0FBC7FF7}.Release|Any CPU.Build.0 = Release|Any CPU
		{D282BB86-E64B-B64D-E978-3DB87713C626}.Debug|Any CPU.ActiveCfg = Debug|Any CPU
		{D282BB86-E64B-B64D-E978-3DB87713C626}.Debug|Any CPU.Build.0 = Debug|Any CPU
		{D282BB86-E64B-B64D-E978-3DB87713C626}.Release|Any CPU.ActiveCfg = Release|Any CPU
		{D282BB86-E64B-B64D-E978-3DB87713C626}.Release|Any CPU.Build.0 = Release|Any CPU
		{3B78E6C7-C648-33A1-E0FE-A98F94A4B6E9}.Debug|Any CPU.ActiveCfg = Debug|Any CPU
		{3B78E6C7-C648-33A1-E0FE-A98F94A4B6E9}.Debug|Any CPU.Build.0 = Debug|Any CPU
		{3B78E6C7-C648-33A1-E0FE-A98F94A4B6E9}.Release|Any CPU.ActiveCfg = Release|Any CPU
		{3B78E6C7-C648-33A1-E0FE-A98F94A4B6E9}.Release|Any CPU.Build.0 = Release|Any CPU
		{42FA9C9F-3679-BDE4-A9DB-7907CCE9662F}.Debug|Any CPU.ActiveCfg = Debug|Any CPU
		{42FA9C9F-3679-BDE4-A9DB-7907CCE9662F}.Debug|Any CPU.Build.0 = Debug|Any CPU
		{42FA9C9F-3679-BDE4-A9DB-7907CCE9662F}.Release|Any CPU.ActiveCfg = Release|Any CPU
		{42FA9C9F-3679-BDE4-A9DB-7907CCE9662F}.Release|Any CPU.Build.0 = Release|Any CPU
		{7E7828DA-CBAF-7EBD-208A-CAECC98AE3CF}.Debug|Any CPU.ActiveCfg = Debug|Any CPU
		{7E7828DA-CBAF-7EBD-208A-CAECC98AE3CF}.Debug|Any CPU.Build.0 = Debug|Any CPU
		{7E7828DA-CBAF-7EBD-208A-CAECC98AE3CF}.Release|Any CPU.ActiveCfg = Release|Any CPU
		{7E7828DA-CBAF-7EBD-208A-CAECC98AE3CF}.Release|Any CPU.Build.0 = Release|Any CPU
		{D2F05EAF-BA5D-BE68-FA5E-E974BD1A33F1}.Debug|Any CPU.ActiveCfg = Debug|Any CPU
		{D2F05EAF-BA5D-BE68-FA5E-E974BD1A33F1}.Debug|Any CPU.Build.0 = Debug|Any CPU
		{D2F05EAF-BA5D-BE68-FA5E-E974BD1A33F1}.Release|Any CPU.ActiveCfg = Release|Any CPU
		{D2F05EAF-BA5D-BE68-FA5E-E974BD1A33F1}.Release|Any CPU.Build.0 = Release|Any CPU
		{D10CCAF2-0E62-7003-CFBD-6CE7CE23B7E8}.Debug|Any CPU.ActiveCfg = Debug|Any CPU
		{D10CCAF2-0E62-7003-CFBD-6CE7CE23B7E8}.Debug|Any CPU.Build.0 = Debug|Any CPU
		{D10CCAF2-0E62-7003-CFBD-6CE7CE23B7E8}.Release|Any CPU.ActiveCfg = Release|Any CPU
		{D10CCAF2-0E62-7003-CFBD-6CE7CE23B7E8}.Release|Any CPU.Build.0 = Release|Any CPU
		{6095271E-7FB8-62FF-034F-5DC608BBE7B4}.Debug|Any CPU.ActiveCfg = Debug|Any CPU
		{6095271E-7FB8-62FF-034F-5DC608BBE7B4}.Debug|Any CPU.Build.0 = Debug|Any CPU
		{6095271E-7FB8-62FF-034F-5DC608BBE7B4}.Release|Any CPU.ActiveCfg = Release|Any CPU
		{6095271E-7FB8-62FF-034F-5DC608BBE7B4}.Release|Any CPU.Build.0 = Release|Any CPU
		{E080F98C-A2A2-04A7-3FC4-1621E61F810C}.Debug|Any CPU.ActiveCfg = Debug|Any CPU
		{E080F98C-A2A2-04A7-3FC4-1621E61F810C}.Debug|Any CPU.Build.0 = Debug|Any CPU
		{E080F98C-A2A2-04A7-3FC4-1621E61F810C}.Release|Any CPU.ActiveCfg = Release|Any CPU
		{E080F98C-A2A2-04A7-3FC4-1621E61F810C}.Release|Any CPU.Build.0 = Release|Any CPU
		{1D9A05F3-49AE-10EE-B92B-A5DD699E78DC}.Debug|Any CPU.ActiveCfg = Debug|Any CPU
		{1D9A05F3-49AE-10EE-B92B-A5DD699E78DC}.Debug|Any CPU.Build.0 = Debug|Any CPU
		{1D9A05F3-49AE-10EE-B92B-A5DD699E78DC}.Release|Any CPU.ActiveCfg = Release|Any CPU
		{1D9A05F3-49AE-10EE-B92B-A5DD699E78DC}.Release|Any CPU.Build.0 = Release|Any CPU
		{9921A6EB-D9FB-A90C-59CD-A186DCC99FD3}.Debug|Any CPU.ActiveCfg = Debug|Any CPU
		{9921A6EB-D9FB-A90C-59CD-A186DCC99FD3}.Debug|Any CPU.Build.0 = Debug|Any CPU
		{9921A6EB-D9FB-A90C-59CD-A186DCC99FD3}.Release|Any CPU.ActiveCfg = Release|Any CPU
		{9921A6EB-D9FB-A90C-59CD-A186DCC99FD3}.Release|Any CPU.Build.0 = Release|Any CPU
		{98AB2875-668D-1833-8E8B-0FC9428F537B}.Debug|Any CPU.ActiveCfg = Debug|Any CPU
		{98AB2875-668D-1833-8E8B-0FC9428F537B}.Debug|Any CPU.Build.0 = Debug|Any CPU
		{98AB2875-668D-1833-8E8B-0FC9428F537B}.Release|Any CPU.ActiveCfg = Release|Any CPU
		{98AB2875-668D-1833-8E8B-0FC9428F537B}.Release|Any CPU.Build.0 = Release|Any CPU
		{1D14CDA5-F211-F07D-234A-E718DFB679D7}.Debug|Any CPU.ActiveCfg = Debug|Any CPU
		{1D14CDA5-F211-F07D-234A-E718DFB679D7}.Debug|Any CPU.Build.0 = Debug|Any CPU
		{1D14CDA5-F211-F07D-234A-E718DFB679D7}.Release|Any CPU.ActiveCfg = Release|Any CPU
		{1D14CDA5-F211-F07D-234A-E718DFB679D7}.Release|Any CPU.Build.0 = Release|Any CPU
		{53E1271D-ACCC-660E-A21C-1FC5BE420657}.Debug|Any CPU.ActiveCfg = Debug|Any CPU
		{53E1271D-ACCC-660E-A21C-1FC5BE420657}.Debug|Any CPU.Build.0 = Debug|Any CPU
		{53E1271D-ACCC-660E-A21C-1FC5BE420657}.Release|Any CPU.ActiveCfg = Release|Any CPU
		{53E1271D-ACCC-660E-A21C-1FC5BE420657}.Release|Any CPU.Build.0 = Release|Any CPU
		{AD50D3F9-BB46-3373-E24C-E37879ED0641}.Debug|Any CPU.ActiveCfg = Debug|Any CPU
		{AD50D3F9-BB46-3373-E24C-E37879ED0641}.Debug|Any CPU.Build.0 = Debug|Any CPU
		{AD50D3F9-BB46-3373-E24C-E37879ED0641}.Release|Any CPU.ActiveCfg = Release|Any CPU
		{AD50D3F9-BB46-3373-E24C-E37879ED0641}.Release|Any CPU.Build.0 = Release|Any CPU
		{8957FD18-521F-87BF-7A47-60D82F525816}.Debug|Any CPU.ActiveCfg = Debug|Any CPU
		{8957FD18-521F-87BF-7A47-60D82F525816}.Debug|Any CPU.Build.0 = Debug|Any CPU
		{8957FD18-521F-87BF-7A47-60D82F525816}.Release|Any CPU.ActiveCfg = Release|Any CPU
		{8957FD18-521F-87BF-7A47-60D82F525816}.Release|Any CPU.Build.0 = Release|Any CPU
		{AA2B6106-68D8-EAD2-52B6-937AA9E7A926}.Debug|Any CPU.ActiveCfg = Debug|Any CPU
		{AA2B6106-68D8-EAD2-52B6-937AA9E7A926}.Debug|Any CPU.Build.0 = Debug|Any CPU
		{AA2B6106-68D8-EAD2-52B6-937AA9E7A926}.Release|Any CPU.ActiveCfg = Release|Any CPU
		{AA2B6106-68D8-EAD2-52B6-937AA9E7A926}.Release|Any CPU.Build.0 = Release|Any CPU
		{0D4A1799-6F85-6B1B-AD90-7B3069583850}.Debug|Any CPU.ActiveCfg = Debug|Any CPU
		{0D4A1799-6F85-6B1B-AD90-7B3069583850}.Debug|Any CPU.Build.0 = Debug|Any CPU
		{0D4A1799-6F85-6B1B-AD90-7B3069583850}.Release|Any CPU.ActiveCfg = Release|Any CPU
		{0D4A1799-6F85-6B1B-AD90-7B3069583850}.Release|Any CPU.Build.0 = Release|Any CPU
	EndGlobalSection
	GlobalSection(SolutionProperties) = preSolution
		HideSolutionNode = FALSE
	EndGlobalSection
EndGlobal
